
Microsoft Visual Studio Solution File, Format Version 12.00
# Visual Studio Version 17
VisualStudioVersion = 17.0.31903.59
MinimumVisualStudioVersion = 10.0.40219.1
Project("{2150E333-8FDC-42A3-9474-1A3956D46DE8}") = "src", "src", "{827E0CD3-B72D-47B6-A68D-7590B98EB39B}"
EndProject
Project("{2150E333-8FDC-42A3-9474-1A3956D46DE8}") = "backend", "backend", "{FE360695-3F2B-1049-3887-35FBB5135923}"
EndProject
Project("{2150E333-8FDC-42A3-9474-1A3956D46DE8}") = "BuildingBlocks", "BuildingBlocks", "{1F27AE91-AB80-590E-03BE-DC8A6BA540DD}"
EndProject
Project("{2150E333-8FDC-42A3-9474-1A3956D46DE8}") = "Contracts", "Contracts", "{00B6C7C0-99A8-8A76-86A8-9C001E1E4120}"
EndProject
Project("{FAE04EC0-301F-11D3-BF4B-00C04F79EFBC}") = "Contracts", "src\backend\BuildingBlocks\Contracts\Contracts\Contracts.csproj", "{4B3FAC28-4B26-4E4C-850A-FD642723AA33}"
EndProject
Project("{2150E333-8FDC-42A3-9474-1A3956D46DE8}") = "SharedKernel", "SharedKernel", "{DEBD74C3-80E7-6B53-6249-C55BD5C44199}"
EndProject
Project("{FAE04EC0-301F-11D3-BF4B-00C04F79EFBC}") = "SharedKernel", "src\backend\BuildingBlocks\SharedKernel\SharedKernel\SharedKernel.csproj", "{7814970F-8E64-4BA3-86C5-3A52B1278026}"
EndProject
Project("{2150E333-8FDC-42A3-9474-1A3956D46DE8}") = "Services", "Services", "{EA8B51A1-2815-D7EB-83DD-84035FEA831A}"
EndProject
Project("{2150E333-8FDC-42A3-9474-1A3956D46DE8}") = "Assessment", "Assessment", "{915DDFED-6E92-53A8-BB0F-3EA32FA62934}"
EndProject
Project("{FAE04EC0-301F-11D3-BF4B-00C04F79EFBC}") = "Assessment.Api", "src\backend\Services\Assessment\Assessment.Api\Assessment.Api.csproj", "{AB17F251-2D82-42E4-A5B1-AF9D155359B8}"
EndProject
Project("{FAE04EC0-301F-11D3-BF4B-00C04F79EFBC}") = "Assessment.Application", "src\backend\Services\Assessment\Assessment.Application\Assessment.Application.csproj", "{B591B863-8279-441B-9642-8ED3A38F4624}"
EndProject
Project("{FAE04EC0-301F-11D3-BF4B-00C04F79EFBC}") = "Assessment.Domain", "src\backend\Services\Assessment\Assessment.Domain\Assessment.Domain.csproj", "{7E30A7EB-6536-47B9-96BB-65B774AB9200}"
EndProject
Project("{FAE04EC0-301F-11D3-BF4B-00C04F79EFBC}") = "Assessment.Infrastructure", "src\backend\Services\Assessment\Assessment.Infrastructure\Assessment.Infrastructure.csproj", "{C585D1BC-DDA8-4B5E-B3C1-E3C4A54E52A6}"
EndProject
Project("{2150E333-8FDC-42A3-9474-1A3956D46DE8}") = "Generation", "Generation", "{E335B9D7-0B70-4B6F-38C1-59E73E72FAFD}"
EndProject
Project("{FAE04EC0-301F-11D3-BF4B-00C04F79EFBC}") = "Generation.Worker", "src\backend\Services\Generation\Generation.Worker\Generation.Worker.csproj", "{CB87FCA6-A58C-4EFD-B39A-8E43A057D82E}"
EndProject
Project("{2150E333-8FDC-42A3-9474-1A3956D46DE8}") = "Identity", "Identity", "{7AAC126F-7D8C-0C9B-7132-49DC917E56DB}"
EndProject
Project("{FAE04EC0-301F-11D3-BF4B-00C04F79EFBC}") = "Identity.Api", "src\backend\Services\Identity\Identity.Api\Identity.Api.csproj", "{FAFC4167-C365-4DBB-A3D6-E64113745018}"
EndProject
Project("{FAE04EC0-301F-11D3-BF4B-00C04F79EFBC}") = "Identity.Application", "src\backend\Services\Identity\Identity.Application\Identity.Application.csproj", "{FB5E027D-56BC-4949-987C-763C76039602}"
EndProject
Project("{FAE04EC0-301F-11D3-BF4B-00C04F79EFBC}") = "Identity.Domain", "src\backend\Services\Identity\Identity.Domain\Identity.Domain.csproj", "{1963309F-A8A9-4447-8B04-F938683E5679}"
EndProject
Project("{FAE04EC0-301F-11D3-BF4B-00C04F79EFBC}") = "Identity.Infrastructure", "src\backend\Services\Identity\Identity.Infrastructure\Identity.Infrastructure.csproj", "{8CC8F870-BFD7-443C-BE9C-AF8F00715A47}"
EndProject
Project("{2150E333-8FDC-42A3-9474-1A3956D46DE8}") = "Notifications", "Notifications", "{FB4841C9-4E2F-C05E-3355-DAA1ADF0040C}"
EndProject
Project("{FAE04EC0-301F-11D3-BF4B-00C04F79EFBC}") = "Notifications.Worker", "src\backend\Services\Notifications\Notifications.Worker\Notifications.Worker.csproj", "{8A9E10C1-3A74-4DAF-AA83-453F3E9EAC50}"
EndProject
Project("{2150E333-8FDC-42A3-9474-1A3956D46DE8}") = "Proctoring", "Proctoring", "{DD065321-506D-DE72-3901-7B6AACC6DAE0}"
EndProject
Project("{FAE04EC0-301F-11D3-BF4B-00C04F79EFBC}") = "Proctoring.Api", "src\backend\Services\Proctoring\Proctoring.Api\Proctoring.Api.csproj", "{652C6728-5346-43A3-A3E8-AA5A17C17075}"
EndProject
Project("{FAE04EC0-301F-11D3-BF4B-00C04F79EFBC}") = "Proctoring.Application", "src\backend\Services\Proctoring\Proctoring.Application\Proctoring.Application.csproj", "{A456C64D-7FD1-4DBD-B5B9-0E22E5D1960F}"
EndProject
Project("{FAE04EC0-301F-11D3-BF4B-00C04F79EFBC}") = "Proctoring.Domain", "src\backend\Services\Proctoring\Proctoring.Domain\Proctoring.Domain.csproj", "{B1789A71-75B3-42C1-8003-BC80B082B7DE}"
EndProject
Project("{FAE04EC0-301F-11D3-BF4B-00C04F79EFBC}") = "Proctoring.Infrastructure", "src\backend\Services\Proctoring\Proctoring.Infrastructure\Proctoring.Infrastructure.csproj", "{527487D9-5EFC-4CD4-8958-43E241B00E84}"
EndProject
Global
	GlobalSection(SolutionConfigurationPlatforms) = preSolution
		Debug|Any CPU = Debug|Any CPU
		Debug|x64 = Debug|x64
		Debug|x86 = Debug|x86
		Release|Any CPU = Release|Any CPU
		Release|x64 = Release|x64
		Release|x86 = Release|x86
	EndGlobalSection
	GlobalSection(ProjectConfigurationPlatforms) = postSolution
		{4B3FAC28-4B26-4E4C-850A-FD642723AA33}.Debug|Any CPU.ActiveCfg = Debug|Any CPU
		{4B3FAC28-4B26-4E4C-850A-FD642723AA33}.Debug|Any CPU.Build.0 = Debug|Any CPU
		{4B3FAC28-4B26-4E4C-850A-FD642723AA33}.Debug|x64.ActiveCfg = Debug|Any CPU
		{4B3FAC28-4B26-4E4C-850A-FD642723AA33}.Debug|x64.Build.0 = Debug|Any CPU
		{4B3FAC28-4B26-4E4C-850A-FD642723AA33}.Debug|x86.ActiveCfg = Debug|Any CPU
		{4B3FAC28-4B26-4E4C-850A-FD642723AA33}.Debug|x86.Build.0 = Debug|Any CPU
		{4B3FAC28-4B26-4E4C-850A-FD642723AA33}.Release|Any CPU.ActiveCfg = Release|Any CPU
		{4B3FAC28-4B26-4E4C-850A-FD642723AA33}.Release|Any CPU.Build.0 = Release|Any CPU
		{4B3FAC28-4B26-4E4C-850A-FD642723AA33}.Release|x64.ActiveCfg = Release|Any CPU
		{4B3FAC28-4B26-4E4C-850A-FD642723AA33}.Release|x64.Build.0 = Release|Any CPU
		{4B3FAC28-4B26-4E4C-850A-FD642723AA33}.Release|x86.ActiveCfg = Release|Any CPU
		{4B3FAC28-4B26-4E4C-850A-FD642723AA33}.Release|x86.Build.0 = Release|Any CPU
		{7814970F-8E64-4BA3-86C5-3A52B1278026}.Debug|Any CPU.ActiveCfg = Debug|Any CPU
		{7814970F-8E64-4BA3-86C5-3A52B1278026}.Debug|Any CPU.Build.0 = Debug|Any CPU
		{7814970F-8E64-4BA3-86C5-3A52B1278026}.Debug|x64.ActiveCfg = Debug|Any CPU
		{7814970F-8E64-4BA3-86C5-3A52B1278026}.Debug|x64.Build.0 = Debug|Any CPU
		{7814970F-8E64-4BA3-86C5-3A52B1278026}.Debug|x86.ActiveCfg = Debug|Any CPU
		{7814970F-8E64-4BA3-86C5-3A52B1278026}.Debug|x86.Build.0 = Debug|Any CPU
		{7814970F-8E64-4BA3-86C5-3A52B1278026}.Release|Any CPU.ActiveCfg = Release|Any CPU
		{7814970F-8E64-4BA3-86C5-3A52B1278026}.Release|Any CPU.Build.0 = Release|Any CPU
		{7814970F-8E64-4BA3-86C5-3A52B1278026}.Release|x64.ActiveCfg = Release|Any CPU
		{7814970F-8E64-4BA3-86C5-3A52B1278026}.Release|x64.Build.0 = Release|Any CPU
		{7814970F-8E64-4BA3-86C5-3A52B1278026}.Release|x86.ActiveCfg = Release|Any CPU
		{7814970F-8E64-4BA3-86C5-3A52B1278026}.Release|x86.Build.0 = Release|Any CPU
		{AB17F251-2D82-42E4-A5B1-AF9D155359B8}.Debug|Any CPU.ActiveCfg = Debug|Any CPU
		{AB17F251-2D82-42E4-A5B1-AF9D155359B8}.Debug|Any CPU.Build.0 = Debug|Any CPU
		{AB17F251-2D82-42E4-A5B1-AF9D155359B8}.Debug|x64.ActiveCfg = Debug|Any CPU
		{AB17F251-2D82-42E4-A5B1-AF9D155359B8}.Debug|x64.Build.0 = Debug|Any CPU
		{AB17F251-2D82-42E4-A5B1-AF9D155359B8}.Debug|x86.ActiveCfg = Debug|Any CPU
		{AB17F251-2D82-42E4-A5B1-AF9D155359B8}.Debug|x86.Build.0 = Debug|Any CPU
		{AB17F251-2D82-42E4-A5B1-AF9D155359B8}.Release|Any CPU.ActiveCfg = Release|Any CPU
		{AB17F251-2D82-42E4-A5B1-AF9D155359B8}.Release|Any CPU.Build.0 = Release|Any CPU
		{AB17F251-2D82-42E4-A5B1-AF9D155359B8}.Release|x64.ActiveCfg = Release|Any CPU
		{AB17F251-2D82-42E4-A5B1-AF9D155359B8}.Release|x64.Build.0 = Release|Any CPU
		{AB17F251-2D82-42E4-A5B1-AF9D155359B8}.Release|x86.ActiveCfg = Release|Any CPU
		{AB17F251-2D82-42E4-A5B1-AF9D155359B8}.Release|x86.Build.0 = Release|Any CPU
		{B591B863-8279-441B-9642-8ED3A38F4624}.Debug|Any CPU.ActiveCfg = Debug|Any CPU
		{B591B863-8279-441B-9642-8ED3A38F4624}.Debug|Any CPU.Build.0 = Debug|Any CPU
		{B591B863-8279-441B-9642-8ED3A38F4624}.Debug|x64.ActiveCfg = Debug|Any CPU
		{B591B863-8279-441B-9642-8ED3A38F4624}.Debug|x64.Build.0 = Debug|Any CPU
		{B591B863-8279-441B-9642-8ED3A38F4624}.Debug|x86.ActiveCfg = Debug|Any CPU
		{B591B863-8279-441B-9642-8ED3A38F4624}.Debug|x86.Build.0 = Debug|Any CPU
		{B591B863-8279-441B-9642-8ED3A38F4624}.Release|Any CPU.ActiveCfg = Release|Any CPU
		{B591B863-8279-441B-9642-8ED3A38F4624}.Release|Any CPU.Build.0 = Release|Any CPU
		{B591B863-8279-441B-9642-8ED3A38F4624}.Release|x64.ActiveCfg = Release|Any CPU
		{B591B863-8279-441B-9642-8ED3A38F4624}.Release|x64.Build.0 = Release|Any CPU
		{B591B863-8279-441B-9642-8ED3A38F4624}.Release|x86.ActiveCfg = Release|Any CPU
		{B591B863-8279-441B-9642-8ED3A38F4624}.Release|x86.Build.0 = Release|Any CPU
		{7E30A7EB-6536-47B9-96BB-65B774AB9200}.Debug|Any CPU.ActiveCfg = Debug|Any CPU
		{7E30A7EB-6536-47B9-96BB-65B774AB9200}.Debug|Any CPU.Build.0 = Debug|Any CPU
		{7E30A7EB-6536-47B9-96BB-65B774AB9200}.Debug|x64.ActiveCfg = Debug|Any CPU
		{7E30A7EB-6536-47B9-96BB-65B774AB9200}.Debug|x64.Build.0 = Debug|Any CPU
		{7E30A7EB-6536-47B9-96BB-65B774AB9200}.Debug|x86.ActiveCfg = Debug|Any CPU
		{7E30A7EB-6536-47B9-96BB-65B774AB9200}.Debug|x86.Build.0 = Debug|Any CPU
		{7E30A7EB-6536-47B9-96BB-65B774AB9200}.Release|Any CPU.ActiveCfg = Release|Any CPU
		{7E30A7EB-6536-47B9-96BB-65B774AB9200}.Release|Any CPU.Build.0 = Release|Any CPU
		{7E30A7EB-6536-47B9-96BB-65B774AB9200}.Release|x64.ActiveCfg = Release|Any CPU
		{7E30A7EB-6536-47B9-96BB-65B774AB9200}.Release|x64.Build.0 = Release|Any CPU
		{7E30A7EB-6536-47B9-96BB-65B774AB9200}.Release|x86.ActiveCfg = Release|Any CPU
		{7E30A7EB-6536-47B9-96BB-65B774AB9200}.Release|x86.Build.0 = Release|Any CPU
		{C585D1BC-DDA8-4B5E-B3C1-E3C4A54E52A6}.Debug|Any CPU.ActiveCfg = Debug|Any CPU
		{C585D1BC-DDA8-4B5E-B3C1-E3C4A54E52A6}.Debug|Any CPU.Build.0 = Debug|Any CPU
		{C585D1BC-DDA8-4B5E-B3C1-E3C4A54E52A6}.Debug|x64.ActiveCfg = Debug|Any CPU
		{C585D1BC-DDA8-4B5E-B3C1-E3C4A54E52A6}.Debug|x64.Build.0 = Debug|Any CPU
		{C585D1BC-DDA8-4B5E-B3C1-E3C4A54E52A6}.Debug|x86.ActiveCfg = Debug|Any CPU
		{C585D1BC-DDA8-4B5E-B3C1-E3C4A54E52A6}.Debug|x86.Build.0 = Debug|Any CPU
		{C585D1BC-DDA8-4B5E-B3C1-E3C4A54E52A6}.Release|Any CPU.ActiveCfg = Release|Any CPU
		{C585D1BC-DDA8-4B5E-B3C1-E3C4A54E52A6}.Release|Any CPU.Build.0 = Release|Any CPU
		{C585D1BC-DDA8-4B5E-B3C1-E3C4A54E52A6}.Release|x64.ActiveCfg = Release|Any CPU
		{C585D1BC-DDA8-4B5E-B3C1-E3C4A54E52A6}.Release|x64.Build.0 = Release|Any CPU
		{C585D1BC-DDA8-4B5E-B3C1-E3C4A54E52A6}.Release|x86.ActiveCfg = Release|Any CPU
		{C585D1BC-DDA8-4B5E-B3C1-E3C4A54E52A6}.Release|x86.Build.0 = Release|Any CPU
		{CB87FCA6-A58C-4EFD-B39A-8E43A057D82E}.Debug|Any CPU.ActiveCfg = Debug|Any CPU
		{CB87FCA6-A58C-4EFD-B39A-8E43A057D82E}.Debug|Any CPU.Build.0 = Debug|Any CPU
		{CB87FCA6-A58C-4EFD-B39A-8E43A057D82E}.Debug|x64.ActiveCfg = Debug|Any CPU
		{CB87FCA6-A58C-4EFD-B39A-8E43A057D82E}.Debug|x64.Build.0 = Debug|Any CPU
		{CB87FCA6-A58C-4EFD-B39A-8E43A057D82E}.Debug|x86.ActiveCfg = Debug|Any CPU
		{CB87FCA6-A58C-4EFD-B39A-8E43A057D82E}.Debug|x86.Build.0 = Debug|Any CPU
		{CB87FCA6-A58C-4EFD-B39A-8E43A057D82E}.Release|Any CPU.ActiveCfg = Release|Any CPU
		{CB87FCA6-A58C-4EFD-B39A-8E43A057D82E}.Release|Any CPU.Build.0 = Release|Any CPU
		{CB87FCA6-A58C-4EFD-B39A-8E43A057D82E}.Release|x64.ActiveCfg = Release|Any CPU
		{CB87FCA6-A58C-4EFD-B39A-8E43A057D82E}.Release|x64.Build.0 = Release|Any CPU
		{CB87FCA6-A58C-4EFD-B39A-8E43A057D82E}.Release|x86.ActiveCfg = Release|Any CPU
		{CB87FCA6-A58C-4EFD-B39A-8E43A057D82E}.Release|x86.Build.0 = Release|Any CPU
		{FAFC4167-C365-4DBB-A3D6-E64113745018}.Debug|Any CPU.ActiveCfg = Debug|Any CPU
		{FAFC4167-C365-4DBB-A3D6-E64113745018}.Debug|Any CPU.Build.0 = Debug|Any CPU
		{FAFC4167-C365-4DBB-A3D6-E64113745018}.Debug|x64.ActiveCfg = Debug|Any CPU
		{FAFC4167-C365-4DBB-A3D6-E64113745018}.Debug|x64.Build.0 = Debug|Any CPU
		{FAFC4167-C365-4DBB-A3D6-E64113745018}.Debug|x86.ActiveCfg = Debug|Any CPU
		{FAFC4167-C365-4DBB-A3D6-E64113745018}.Debug|x86.Build.0 = Debug|Any CPU
		{FAFC4167-C365-4DBB-A3D6-E64113745018}.Release|Any CPU.ActiveCfg = Release|Any CPU
		{FAFC4167-C365-4DBB-A3D6-E64113745018}.Release|Any CPU.Build.0 = Release|Any CPU
		{FAFC4167-C365-4DBB-A3D6-E64113745018}.Release|x64.ActiveCfg = Release|Any CPU
		{FAFC4167-C365-4DBB-A3D6-E64113745018}.Release|x64.Build.0 = Release|Any CPU
		{FAFC4167-C365-4DBB-A3D6-E64113745018}.Release|x86.ActiveCfg = Release|Any CPU
		{FAFC4167-C365-4DBB-A3D6-E64113745018}.Release|x86.Build.0 = Release|Any CPU
		{FB5E027D-56BC-4949-987C-763C76039602}.Debug|Any CPU.ActiveCfg = Debug|Any CPU
		{FB5E027D-56BC-4949-987C-763C76039602}.Debug|Any CPU.Build.0 = Debug|Any CPU
		{FB5E027D-56BC-4949-987C-763C76039602}.Debug|x64.ActiveCfg = Debug|Any CPU
		{FB5E027D-56BC-4949-987C-763C76039602}.Debug|x64.Build.0 = Debug|Any CPU
		{FB5E027D-56BC-4949-987C-763C76039602}.Debug|x86.ActiveCfg = Debug|Any CPU
		{FB5E027D-56BC-4949-987C-763C76039602}.Debug|x86.Build.0 = Debug|Any CPU
		{FB5E027D-56BC-4949-987C-763C76039602}.Release|Any CPU.ActiveCfg = Release|Any CPU
		{FB5E027D-56BC-4949-987C-763C76039602}.Release|Any CPU.Build.0 = Release|Any CPU
		{FB5E027D-56BC-4949-987C-763C76039602}.Release|x64.ActiveCfg = Release|Any CPU
		{FB5E027D-56BC-4949-987C-763C76039602}.Release|x64.Build.0 = Release|Any CPU
		{FB5E027D-56BC-4949-987C-763C76039602}.Release|x86.ActiveCfg = Release|Any CPU
		{FB5E027D-56BC-4949-987C-763C76039602}.Release|x86.Build.0 = Release|Any CPU
		{1963309F-A8A9-4447-8B04-F938683E5679}.Debug|Any CPU.ActiveCfg = Debug|Any CPU
		{1963309F-A8A9-4447-8B04-F938683E5679}.Debug|Any CPU.Build.0 = Debug|Any CPU
		{1963309F-A8A9-4447-8B04-F938683E5679}.Debug|x64.ActiveCfg = Debug|Any CPU
		{1963309F-A8A9-4447-8B04-F938683E5679}.Debug|x64.Build.0 = Debug|Any CPU
		{1963309F-A8A9-4447-8B04-F938683E5679}.Debug|x86.ActiveCfg = Debug|Any CPU
		{1963309F-A8A9-4447-8B04-F938683E5679}.Debug|x86.Build.0 = Debug|Any CPU
		{1963309F-A8A9-4447-8B04-F938683E5679}.Release|Any CPU.ActiveCfg = Release|Any CPU
		{1963309F-A8A9-4447-8B04-F938683E5679}.Release|Any CPU.Build.0 = Release|Any CPU
		{1963309F-A8A9-4447-8B04-F938683E5679}.Release|x64.ActiveCfg = Release|Any CPU
		{1963309F-A8A9-4447-8B04-F938683E5679}.Release|x64.Build.0 = Release|Any CPU
		{1963309F-A8A9-4447-8B04-F938683E5679}.Release|x86.ActiveCfg = Release|Any CPU
		{1963309F-A8A9-4447-8B04-F938683E5679}.Release|x86.Build.0 = Release|Any CPU
		{8CC8F870-BFD7-443C-BE9C-AF8F00715A47}.Debug|Any CPU.ActiveCfg = Debug|Any CPU
		{8CC8F870-BFD7-443C-BE9C-AF8F00715A47}.Debug|Any CPU.Build.0 = Debug|Any CPU
		{8CC8F870-BFD7-443C-BE9C-AF8F00715A47}.Debug|x64.ActiveCfg = Debug|Any CPU
		{8CC8F870-BFD7-443C-BE9C-AF8F00715A47}.Debug|x64.Build.0 = Debug|Any CPU
		{8CC8F870-BFD7-443C-BE9C-AF8F00715A47}.Debug|x86.ActiveCfg = Debug|Any CPU
		{8CC8F870-BFD7-443C-BE9C-AF8F00715A47}.Debug|x86.Build.0 = Debug|Any CPU
		{8CC8F870-BFD7-443C-BE9C-AF8F00715A47}.Release|Any CPU.ActiveCfg = Release|Any CPU
		{8CC8F870-BFD7-443C-BE9C-AF8F00715A47}.Release|Any CPU.Build.0 = Release|Any CPU
		{8CC8F870-BFD7-443C-BE9C-AF8F00715A47}.Release|x64.ActiveCfg = Release|Any CPU
		{8CC8F870-BFD7-443C-BE9C-AF8F00715A47}.Release|x64.Build.0 = Release|Any CPU
		{8CC8F870-BFD7-443C-BE9C-AF8F00715A47}.Release|x86.ActiveCfg = Release|Any CPU
		{8CC8F870-BFD7-443C-BE9C-AF8F00715A47}.Release|x86.Build.0 = Release|Any CPU
		{8A9E10C1-3A74-4DAF-AA83-453F3E9EAC50}.Debug|Any CPU.ActiveCfg = Debug|Any CPU
		{8A9E10C1-3A74-4DAF-AA83-453F3E9EAC50}.Debug|Any CPU.Build.0 = Debug|Any CPU
		{8A9E10C1-3A74-4DAF-AA83-453F3E9EAC50}.Debug|x64.ActiveCfg = Debug|Any CPU
		{8A9E10C1-3A74-4DAF-AA83-453F3E9EAC50}.Debug|x64.Build.0 = Debug|Any CPU
		{8A9E10C1-3A74-4DAF-AA83-453F3E9EAC50}.Debug|x86.ActiveCfg = Debug|Any CPU
		{8A9E10C1-3A74-4DAF-AA83-453F3E9EAC50}.Debug|x86.Build.0 = Debug|Any CPU
		{8A9E10C1-3A74-4DAF-AA83-453F3E9EAC50}.Release|Any CPU.ActiveCfg = Release|Any CPU
		{8A9E10C1-3A74-4DAF-AA83-453F3E9EAC50}.Release|Any CPU.Build.0 = Release|Any CPU
		{8A9E10C1-3A74-4DAF-AA83-453F3E9EAC50}.Release|x64.ActiveCfg = Release|Any CPU
		{8A9E10C1-3A74-4DAF-AA83-453F3E9EAC50}.Release|x64.Build.0 = Release|Any CPU
		{8A9E10C1-3A74-4DAF-AA83-453F3E9EAC50}.Release|x86.ActiveCfg = Release|Any CPU
		{8A9E10C1-3A74-4DAF-AA83-453F3E9EAC50}.Release|x86.Build.0 = Release|Any CPU
		{652C6728-5346-43A3-A3E8-AA5A17C17075}.Debug|Any CPU.ActiveCfg = Debug|Any CPU
		{652C6728-5346-43A3-A3E8-AA5A17C17075}.Debug|Any CPU.Build.0 = Debug|Any CPU
		{652C6728-5346-43A3-A3E8-AA5A17C17075}.Debug|x64.ActiveCfg = Debug|Any CPU
		{652C6728-5346-43A3-A3E8-AA5A17C17075}.Debug|x64.Build.0 = Debug|Any CPU
		{652C6728-5346-43A3-A3E8-AA5A17C17075}.Debug|x86.ActiveCfg = Debug|Any CPU
		{652C6728-5346-43A3-A3E8-AA5A17C17075}.Debug|x86.Build.0 = Debug|Any CPU
		{652C6728-5346-43A3-A3E8-AA5A17C17075}.Release|Any CPU.ActiveCfg = Release|Any CPU
		{652C6728-5346-43A3-A3E8-AA5A17C17075}.Release|Any CPU.Build.0 = Release|Any CPU
		{652C6728-5346-43A3-A3E8-AA5A17C17075}.Release|x64.ActiveCfg = Release|Any CPU
		{652C6728-5346-43A3-A3E8-AA5A17C17075}.Release|x64.Build.0 = Release|Any CPU
		{652C6728-5346-43A3-A3E8-AA5A17C17075}.Release|x86.ActiveCfg = Release|Any CPU
		{652C6728-5346-43A3-A3E8-AA5A17C17075}.Release|x86.Build.0 = Release|Any CPU
		{A456C64D-7FD1-4DBD-B5B9-0E22E5D1960F}.Debug|Any CPU.ActiveCfg = Debug|Any CPU
		{A456C64D-7FD1-4DBD-B5B9-0E22E5D1960F}.Debug|Any CPU.Build.0 = Debug|Any CPU
		{A456C64D-7FD1-4DBD-B5B9-0E22E5D1960F}.Debug|x64.ActiveCfg = Debug|Any CPU
		{A456C64D-7FD1-4DBD-B5B9-0E22E5D1960F}.Debug|x64.Build.0 = Debug|Any CPU
		{A456C64D-7FD1-4DBD-B5B9-0E22E5D1960F}.Debug|x86.ActiveCfg = Debug|Any CPU
		{A456C64D-7FD1-4DBD-B5B9-0E22E5D1960F}.Debug|x86.Build.0 = Debug|Any CPU
		{A456C64D-7FD1-4DBD-B5B9-0E22E5D1960F}.Release|Any CPU.ActiveCfg = Release|Any CPU
		{A456C64D-7FD1-4DBD-B5B9-0E22E5D1960F}.Release|Any CPU.Build.0 = Release|Any CPU
		{A456C64D-7FD1-4DBD-B5B9-0E22E5D1960F}.Release|x64.ActiveCfg = Release|Any CPU
		{A456C64D-7FD1-4DBD-B5B9-0E22E5D1960F}.Release|x64.Build.0 = Release|Any CPU
		{A456C64D-7FD1-4DBD-B5B9-0E22E5D1960F}.Release|x86.ActiveCfg = Release|Any CPU
		{A456C64D-7FD1-4DBD-B5B9-0E22E5D1960F}.Release|x86.Build.0 = Release|Any CPU
		{B1789A71-75B3-42C1-8003-BC80B082B7DE}.Debug|Any CPU.ActiveCfg = Debug|Any CPU
		{B1789A71-75B3-42C1-8003-BC80B082B7DE}.Debug|Any CPU.Build.0 = Debug|Any CPU
		{B1789A71-75B3-42C1-8003-BC80B082B7DE}.Debug|x64.ActiveCfg = Debug|Any CPU
		{B1789A71-75B3-42C1-8003-BC80B082B7DE}.Debug|x64.Build.0 = Debug|Any CPU
		{B1789A71-75B3-42C1-8003-BC80B082B7DE}.Debug|x86.ActiveCfg = Debug|Any CPU
		{B1789A71-75B3-42C1-8003-BC80B082B7DE}.Debug|x86.Build.0 = Debug|Any CPU
		{B1789A71-75B3-42C1-8003-BC80B082B7DE}.Release|Any CPU.ActiveCfg = Release|Any CPU
		{B1789A71-75B3-42C1-8003-BC80B082B7DE}.Release|Any CPU.Build.0 = Release|Any CPU
		{B1789A71-75B3-42C1-8003-BC80B082B7DE}.Release|x64.ActiveCfg = Release|Any CPU
		{B1789A71-75B3-42C1-8003-BC80B082B7DE}.Release|x64.Build.0 = Release|Any CPU
		{B1789A71-75B3-42C1-8003-BC80B082B7DE}.Release|x86.ActiveCfg = Release|Any CPU
		{B1789A71-75B3-42C1-8003-BC80B082B7DE}.Release|x86.Build.0 = Release|Any CPU
		{527487D9-5EFC-4CD4-8958-43E241B00E84}.Debug|Any CPU.ActiveCfg = Debug|Any CPU
		{527487D9-5EFC-4CD4-8958-43E241B00E84}.Debug|Any CPU.Build.0 = Debug|Any CPU
		{527487D9-5EFC-4CD4-8958-43E241B00E84}.Debug|x64.ActiveCfg = Debug|Any CPU
		{527487D9-5EFC-4CD4-8958-43E241B00E84}.Debug|x64.Build.0 = Debug|Any CPU
		{527487D9-5EFC-4CD4-8958-43E241B00E84}.Debug|x86.ActiveCfg = Debug|Any CPU
		{527487D9-5EFC-4CD4-8958-43E241B00E84}.Debug|x86.Build.0 = Debug|Any CPU
		{527487D9-5EFC-4CD4-8958-43E241B00E84}.Release|Any CPU.ActiveCfg = Release|Any CPU
		{527487D9-5EFC-4CD4-8958-43E241B00E84}.Release|Any CPU.Build.0 = Release|Any CPU
		{527487D9-5EFC-4CD4-8958-43E241B00E84}.Release|x64.ActiveCfg = Release|Any CPU
		{527487D9-5EFC-4CD4-8958-43E241B00E84}.Release|x64.Build.0 = Release|Any CPU
		{527487D9-5EFC-4CD4-8958-43E241B00E84}.Release|x86.ActiveCfg = Release|Any CPU
		{527487D9-5EFC-4CD4-8958-43E241B00E84}.Release|x86.Build.0 = Release|Any CPU
	EndGlobalSection
	GlobalSection(SolutionProperties) = preSolution
		HideSolutionNode = FALSE
	EndGlobalSection
	GlobalSection(NestedProjects) = preSolution
		{FE360695-3F2B-1049-3887-35FBB5135923} = {827E0CD3-B72D-47B6-A68D-7590B98EB39B}
		{1F27AE91-AB80-590E-03BE-DC8A6BA540DD} = {FE360695-3F2B-1049-3887-35FBB5135923}
		{00B6C7C0-99A8-8A76-86A8-9C001E1E4120} = {1F27AE91-AB80-590E-03BE-DC8A6BA540DD}
		{4B3FAC28-4B26-4E4C-850A-FD642723AA33} = {00B6C7C0-99A8-8A76-86A8-9C001E1E4120}
		{DEBD74C3-80E7-6B53-6249-C55BD5C44199} = {1F27AE91-AB80-590E-03BE-DC8A6BA540DD}
		{7814970F-8E64-4BA3-86C5-3A52B1278026} = {DEBD74C3-80E7-6B53-6249-C55BD5C44199}
		{EA8B51A1-2815-D7EB-83DD-84035FEA831A} = {FE360695-3F2B-1049-3887-35FBB5135923}
		{915DDFED-6E92-53A8-BB0F-3EA32FA62934} = {EA8B51A1-2815-D7EB-83DD-84035FEA831A}
		{AB17F251-2D82-42E4-A5B1-AF9D155359B8} = {915DDFED-6E92-53A8-BB0F-3EA32FA62934}
		{B591B863-8279-441B-9642-8ED3A38F4624} = {915DDFED-6E92-53A8-BB0F-3EA32FA62934}
		{7E30A7EB-6536-47B9-96BB-65B774AB9200} = {915DDFED-6E92-53A8-BB0F-3EA32FA62934}
		{C585D1BC-DDA8-4B5E-B3C1-E3C4A54E52A6} = {915DDFED-6E92-53A8-BB0F-3EA32FA62934}
		{E335B9D7-0B70-4B6F-38C1-59E73E72FAFD} = {EA8B51A1-2815-D7EB-83DD-84035FEA831A}
		{CB87FCA6-A58C-4EFD-B39A-8E43A057D82E} = {E335B9D7-0B70-4B6F-38C1-59E73E72FAFD}
		{7AAC126F-7D8C-0C9B-7132-49DC917E56DB} = {EA8B51A1-2815-D7EB-83DD-84035FEA831A}
		{FAFC4167-C365-4DBB-A3D6-E64113745018} = {7AAC126F-7D8C-0C9B-7132-49DC917E56DB}
		{FB5E027D-56BC-4949-987C-763C76039602} = {7AAC126F-7D8C-0C9B-7132-49DC917E56DB}
		{1963309F-A8A9-4447-8B04-F938683E5679} = {7AAC126F-7D8C-0C9B-7132-49DC917E56DB}
		{8CC8F870-BFD7-443C-BE9C-AF8F00715A47} = {7AAC126F-7D8C-0C9B-7132-49DC917E56DB}
		{FB4841C9-4E2F-C05E-3355-DAA1ADF0040C} = {EA8B51A1-2815-D7EB-83DD-84035FEA831A}
		{8A9E10C1-3A74-4DAF-AA83-453F3E9EAC50} = {FB4841C9-4E2F-C05E-3355-DAA1ADF0040C}
		{DD065321-506D-DE72-3901-7B6AACC6DAE0} = {EA8B51A1-2815-D7EB-83DD-84035FEA831A}
		{652C6728-5346-43A3-A3E8-AA5A17C17075} = {DD065321-506D-DE72-3901-7B6AACC6DAE0}
		{A456C64D-7FD1-4DBD-B5B9-0E22E5D1960F} = {DD065321-506D-DE72-3901-7B6AACC6DAE0}
		{B1789A71-75B3-42C1-8003-BC80B082B7DE} = {DD065321-506D-DE72-3901-7B6AACC6DAE0}
		{527487D9-5EFC-4CD4-8958-43E241B00E84} = {DD065321-506D-DE72-3901-7B6AACC6DAE0}
	EndGlobalSection
EndGlobal
