
Microsoft Visual Studio Solution File, Format Version 12.00
# Visual Studio Version 17
VisualStudioVersion = 17.0.31903.59
MinimumVisualStudioVersion = 10.0.40219.1
Project("{2150E333-8FDC-42A3-9474-1A3956D46DE8}") = "BuildingBlocks", "BuildingBlocks", "{7266C4A9-E384-DC00-0EB6-47F6002CFBA7}"
EndProject
Project("{2150E333-8FDC-42A3-9474-1A3956D46DE8}") = "Services", "Services", "{5854FF58-B8C5-05C6-5BF2-ACE42193F22B}"
EndProject
Project("{2150E333-8FDC-42A3-9474-1A3956D46DE8}") = "Assessment", "Assessment", "{26437ECE-AF8E-479F-266C-B3CF33AD1B35}"
EndProject
Project("{FAE04EC0-301F-11D3-BF4B-00C04F79EFBC}") = "Assessment.Api", "Services\Assessment\Assessment.Api\Assessment.Api.csproj", "{FD03C3FB-EAA6-4294-9C7C-53F6A5C9FA14}"
EndProject
Project("{FAE04EC0-301F-11D3-BF4B-00C04F79EFBC}") = "Assessment.Application", "Services\Assessment\Assessment.Application\Assessment.Application.csproj", "{D121718D-6D70-4A7E-ADDF-24811FBCC89A}"
EndProject
Project("{FAE04EC0-301F-11D3-BF4B-00C04F79EFBC}") = "Assessment.Domain", "Services\Assessment\Assessment.Domain\Assessment.Domain.csproj", "{D7A9B553-592C-49C8-AAE9-84255204D9A4}"
EndProject
Project("{FAE04EC0-301F-11D3-BF4B-00C04F79EFBC}") = "Assessment.Infrastructure", "Services\Assessment\Assessment.Infrastructure\Assessment.Infrastructure.csproj", "{11EFC1A6-8ADD-4AD0-9DB8-FCF15E5FF96A}"
EndProject
Project("{2150E333-8FDC-42A3-9474-1A3956D46DE8}") = "Generation", "Generation", "{69239DB7-CBC9-80AD-1F14-F2EA5E4ED9E6}"
EndProject
Project("{FAE04EC0-301F-11D3-BF4B-00C04F79EFBC}") = "Generation.Worker", "Services\Generation\Generation.Worker\Generation.Worker.csproj", "{6BDAF0AB-4E0A-4540-81CC-8C08CFD7FFC3}"
EndProject
Project("{2150E333-8FDC-42A3-9474-1A3956D46DE8}") = "Identity", "Identity", "{357A7C97-5AE1-023F-1442-0D9F9AF22A31}"
EndProject
Project("{FAE04EC0-301F-11D3-BF4B-00C04F79EFBC}") = "Identity.Api", "Services\Identity\Identity.Api\Identity.Api.csproj", "{95C37DEC-0035-4920-9988-2BAA125C5062}"
EndProject
Project("{FAE04EC0-301F-11D3-BF4B-00C04F79EFBC}") = "Identity.Application", "Services\Identity\Identity.Application\Identity.Application.csproj", "{866EFBE2-A72C-4CA7-862D-1C77CEB17CD6}"
EndProject
Project("{FAE04EC0-301F-11D3-BF4B-00C04F79EFBC}") = "Identity.Domain", "Services\Identity\Identity.Domain\Identity.Domain.csproj", "{A4353BD1-44EA-434E-A382-17F92A071B08}"
EndProject
Project("{FAE04EC0-301F-11D3-BF4B-00C04F79EFBC}") = "Identity.Infrastructure", "Services\Identity\Identity.Infrastructure\Identity.Infrastructure.csproj", "{2A75E767-45BF-47DE-B14F-5F5979B6D531}"
EndProject
Project("{2150E333-8FDC-42A3-9474-1A3956D46DE8}") = "Notifications", "Notifications", "{EDF976B3-B1D5-9C5C-314D-F965FB2448D0}"
EndProject
Project("{FAE04EC0-301F-11D3-BF4B-00C04F79EFBC}") = "Notifications.Worker", "Services\Notifications\Notifications.Worker\Notifications.Worker.csproj", "{320A83CE-3EA6-4833-9C15-72FB2C2802DC}"
EndProject
Project("{2150E333-8FDC-42A3-9474-1A3956D46DE8}") = "Proctoring", "Proctoring", "{D9D96CB5-BE38-2BDA-906E-347BF8694305}"
EndProject
Project("{FAE04EC0-301F-11D3-BF4B-00C04F79EFBC}") = "Proctoring.Api", "Services\Proctoring\Proctoring.Api\Proctoring.Api.csproj", "{22AD7509-BB56-4039-B895-9A98AA179D19}"
EndProject
Project("{FAE04EC0-301F-11D3-BF4B-00C04F79EFBC}") = "Proctoring.Application", "Services\Proctoring\Proctoring.Application\Proctoring.Application.csproj", "{A0D3F71A-EC1F-4F55-9F2C-867A70113403}"
EndProject
Project("{FAE04EC0-301F-11D3-BF4B-00C04F79EFBC}") = "Proctoring.Domain", "Services\Proctoring\Proctoring.Domain\Proctoring.Domain.csproj", "{C3FAF825-F80D-481A-B84F-B57C82058F48}"
EndProject
Project("{FAE04EC0-301F-11D3-BF4B-00C04F79EFBC}") = "Proctoring.Infrastructure", "Services\Proctoring\Proctoring.Infrastructure\Proctoring.Infrastructure.csproj", "{1CB05DD2-9736-4AE7-B75C-58246AD8AD34}"
EndProject
Project("{FAE04EC0-301F-11D3-BF4B-00C04F79EFBC}") = "Assessment.Migrator", "Services\Assessment\Assessment.Migrator\Assessment.Migrator.csproj", "{627A68AC-196E-40BC-9BD2-2AED337205A6}"
EndProject
Project("{FAE04EC0-301F-11D3-BF4B-00C04F79EFBC}") = "Identity.Migrator", "Services\Identity\Identity.Migrator\Identity.Migrator.csproj", "{DF8B41BF-CCC7-4618-8CF3-A7A3A99156D8}"
EndProject
Project("{FAE04EC0-301F-11D3-BF4B-00C04F79EFBC}") = "BuildingBlocks.Api", "BuildingBlocks\Api\BuildingBlocks.Api.csproj", "{3E66CD79-EC90-45BF-B819-3AF3D6D8DE17}"
EndProject
Project("{2150E333-8FDC-42A3-9474-1A3956D46DE8}") = "Shared", "Shared", "{05BA28BA-117B-4570-A966-1123EA20A26F}"
EndProject
Project("{FAE04EC0-301F-11D3-BF4B-00C04F79EFBC}") = "Contracts", "BuildingBlocks\Shared\Contracts\Contracts.csproj", "{64269AD1-3449-44B9-A707-46AF82088713}"
EndProject
Global
	GlobalSection(SolutionConfigurationPlatforms) = preSolution
		Debug|Any CPU = Debug|Any CPU
		Debug|x64 = Debug|x64
		Debug|x86 = Debug|x86
		Release|Any CPU = Release|Any CPU
		Release|x64 = Release|x64
		Release|x86 = Release|x86
	EndGlobalSection
	GlobalSection(ProjectConfigurationPlatforms) = postSolution
		{FD03C3FB-EAA6-4294-9C7C-53F6A5C9FA14}.Debug|Any CPU.ActiveCfg = Debug|Any CPU
		{FD03C3FB-EAA6-4294-9C7C-53F6A5C9FA14}.Debug|Any CPU.Build.0 = Debug|Any CPU
		{FD03C3FB-EAA6-4294-9C7C-53F6A5C9FA14}.Debug|x64.ActiveCfg = Debug|Any CPU
		{FD03C3FB-EAA6-4294-9C7C-53F6A5C9FA14}.Debug|x64.Build.0 = Debug|Any CPU
		{FD03C3FB-EAA6-4294-9C7C-53F6A5C9FA14}.Debug|x86.ActiveCfg = Debug|Any CPU
		{FD03C3FB-EAA6-4294-9C7C-53F6A5C9FA14}.Debug|x86.Build.0 = Debug|Any CPU
		{FD03C3FB-EAA6-4294-9C7C-53F6A5C9FA14}.Release|Any CPU.ActiveCfg = Release|Any CPU
		{FD03C3FB-EAA6-4294-9C7C-53F6A5C9FA14}.Release|Any CPU.Build.0 = Release|Any CPU
		{FD03C3FB-EAA6-4294-9C7C-53F6A5C9FA14}.Release|x64.ActiveCfg = Release|Any CPU
		{FD03C3FB-EAA6-4294-9C7C-53F6A5C9FA14}.Release|x64.Build.0 = Release|Any CPU
		{FD03C3FB-EAA6-4294-9C7C-53F6A5C9FA14}.Release|x86.ActiveCfg = Release|Any CPU
		{FD03C3FB-EAA6-4294-9C7C-53F6A5C9FA14}.Release|x86.Build.0 = Release|Any CPU
		{D121718D-6D70-4A7E-ADDF-24811FBCC89A}.Debug|Any CPU.ActiveCfg = Debug|Any CPU
		{D121718D-6D70-4A7E-ADDF-24811FBCC89A}.Debug|Any CPU.Build.0 = Debug|Any CPU
		{D121718D-6D70-4A7E-ADDF-24811FBCC89A}.Debug|x64.ActiveCfg = Debug|Any CPU
		{D121718D-6D70-4A7E-ADDF-24811FBCC89A}.Debug|x64.Build.0 = Debug|Any CPU
		{D121718D-6D70-4A7E-ADDF-24811FBCC89A}.Debug|x86.ActiveCfg = Debug|Any CPU
		{D121718D-6D70-4A7E-ADDF-24811FBCC89A}.Debug|x86.Build.0 = Debug|Any CPU
		{D121718D-6D70-4A7E-ADDF-24811FBCC89A}.Release|Any CPU.ActiveCfg = Release|Any CPU
		{D121718D-6D70-4A7E-ADDF-24811FBCC89A}.Release|Any CPU.Build.0 = Release|Any CPU
		{D121718D-6D70-4A7E-ADDF-24811FBCC89A}.Release|x64.ActiveCfg = Release|Any CPU
		{D121718D-6D70-4A7E-ADDF-24811FBCC89A}.Release|x64.Build.0 = Release|Any CPU
		{D121718D-6D70-4A7E-ADDF-24811FBCC89A}.Release|x86.ActiveCfg = Release|Any CPU
		{D121718D-6D70-4A7E-ADDF-24811FBCC89A}.Release|x86.Build.0 = Release|Any CPU
		{D7A9B553-592C-49C8-AAE9-84255204D9A4}.Debug|Any CPU.ActiveCfg = Debug|Any CPU
		{D7A9B553-592C-49C8-AAE9-84255204D9A4}.Debug|Any CPU.Build.0 = Debug|Any CPU
		{D7A9B553-592C-49C8-AAE9-84255204D9A4}.Debug|x64.ActiveCfg = Debug|Any CPU
		{D7A9B553-592C-49C8-AAE9-84255204D9A4}.Debug|x64.Build.0 = Debug|Any CPU
		{D7A9B553-592C-49C8-AAE9-84255204D9A4}.Debug|x86.ActiveCfg = Debug|Any CPU
		{D7A9B553-592C-49C8-AAE9-84255204D9A4}.Debug|x86.Build.0 = Debug|Any CPU
		{D7A9B553-592C-49C8-AAE9-84255204D9A4}.Release|Any CPU.ActiveCfg = Release|Any CPU
		{D7A9B553-592C-49C8-AAE9-84255204D9A4}.Release|Any CPU.Build.0 = Release|Any CPU
		{D7A9B553-592C-49C8-AAE9-84255204D9A4}.Release|x64.ActiveCfg = Release|Any CPU
		{D7A9B553-592C-49C8-AAE9-84255204D9A4}.Release|x64.Build.0 = Release|Any CPU
		{D7A9B553-592C-49C8-AAE9-84255204D9A4}.Release|x86.ActiveCfg = Release|Any CPU
		{D7A9B553-592C-49C8-AAE9-84255204D9A4}.Release|x86.Build.0 = Release|Any CPU
		{11EFC1A6-8ADD-4AD0-9DB8-FCF15E5FF96A}.Debug|Any CPU.ActiveCfg = Debug|Any CPU
		{11EFC1A6-8ADD-4AD0-9DB8-FCF15E5FF96A}.Debug|Any CPU.Build.0 = Debug|Any CPU
		{11EFC1A6-8ADD-4AD0-9DB8-FCF15E5FF96A}.Debug|x64.ActiveCfg = Debug|Any CPU
		{11EFC1A6-8ADD-4AD0-9DB8-FCF15E5FF96A}.Debug|x64.Build.0 = Debug|Any CPU
		{11EFC1A6-8ADD-4AD0-9DB8-FCF15E5FF96A}.Debug|x86.ActiveCfg = Debug|Any CPU
		{11EFC1A6-8ADD-4AD0-9DB8-FCF15E5FF96A}.Debug|x86.Build.0 = Debug|Any CPU
		{11EFC1A6-8ADD-4AD0-9DB8-FCF15E5FF96A}.Release|Any CPU.ActiveCfg = Release|Any CPU
		{11EFC1A6-8ADD-4AD0-9DB8-FCF15E5FF96A}.Release|Any CPU.Build.0 = Release|Any CPU
		{11EFC1A6-8ADD-4AD0-9DB8-FCF15E5FF96A}.Release|x64.ActiveCfg = Release|Any CPU
		{11EFC1A6-8ADD-4AD0-9DB8-FCF15E5FF96A}.Release|x64.Build.0 = Release|Any CPU
		{11EFC1A6-8ADD-4AD0-9DB8-FCF15E5FF96A}.Release|x86.ActiveCfg = Release|Any CPU
		{11EFC1A6-8ADD-4AD0-9DB8-FCF15E5FF96A}.Release|x86.Build.0 = Release|Any CPU
		{6BDAF0AB-4E0A-4540-81CC-8C08CFD7FFC3}.Debug|Any CPU.ActiveCfg = Debug|Any CPU
		{6BDAF0AB-4E0A-4540-81CC-8C08CFD7FFC3}.Debug|Any CPU.Build.0 = Debug|Any CPU
		{6BDAF0AB-4E0A-4540-81CC-8C08CFD7FFC3}.Debug|x64.ActiveCfg = Debug|Any CPU
		{6BDAF0AB-4E0A-4540-81CC-8C08CFD7FFC3}.Debug|x64.Build.0 = Debug|Any CPU
		{6BDAF0AB-4E0A-4540-81CC-8C08CFD7FFC3}.Debug|x86.ActiveCfg = Debug|Any CPU
		{6BDAF0AB-4E0A-4540-81CC-8C08CFD7FFC3}.Debug|x86.Build.0 = Debug|Any CPU
		{6BDAF0AB-4E0A-4540-81CC-8C08CFD7FFC3}.Release|Any CPU.ActiveCfg = Release|Any CPU
		{6BDAF0AB-4E0A-4540-81CC-8C08CFD7FFC3}.Release|Any CPU.Build.0 = Release|Any CPU
		{6BDAF0AB-4E0A-4540-81CC-8C08CFD7FFC3}.Release|x64.ActiveCfg = Release|Any CPU
		{6BDAF0AB-4E0A-4540-81CC-8C08CFD7FFC3}.Release|x64.Build.0 = Release|Any CPU
		{6BDAF0AB-4E0A-4540-81CC-8C08CFD7FFC3}.Release|x86.ActiveCfg = Release|Any CPU
		{6BDAF0AB-4E0A-4540-81CC-8C08CFD7FFC3}.Release|x86.Build.0 = Release|Any CPU
		{95C37DEC-0035-4920-9988-2BAA125C5062}.Debug|Any CPU.ActiveCfg = Debug|Any CPU
		{95C37DEC-0035-4920-9988-2BAA125C5062}.Debug|Any CPU.Build.0 = Debug|Any CPU
		{95C37DEC-0035-4920-9988-2BAA125C5062}.Debug|x64.ActiveCfg = Debug|Any CPU
		{95C37DEC-0035-4920-9988-2BAA125C5062}.Debug|x64.Build.0 = Debug|Any CPU
		{95C37DEC-0035-4920-9988-2BAA125C5062}.Debug|x86.ActiveCfg = Debug|Any CPU
		{95C37DEC-0035-4920-9988-2BAA125C5062}.Debug|x86.Build.0 = Debug|Any CPU
		{95C37DEC-0035-4920-9988-2BAA125C5062}.Release|Any CPU.ActiveCfg = Release|Any CPU
		{95C37DEC-0035-4920-9988-2BAA125C5062}.Release|Any CPU.Build.0 = Release|Any CPU
		{95C37DEC-0035-4920-9988-2BAA125C5062}.Release|x64.ActiveCfg = Release|Any CPU
		{95C37DEC-0035-4920-9988-2BAA125C5062}.Release|x64.Build.0 = Release|Any CPU
		{95C37DEC-0035-4920-9988-2BAA125C5062}.Release|x86.ActiveCfg = Release|Any CPU
		{95C37DEC-0035-4920-9988-2BAA125C5062}.Release|x86.Build.0 = Release|Any CPU
		{866EFBE2-A72C-4CA7-862D-1C77CEB17CD6}.Debug|Any CPU.ActiveCfg = Debug|Any CPU
		{866EFBE2-A72C-4CA7-862D-1C77CEB17CD6}.Debug|Any CPU.Build.0 = Debug|Any CPU
		{866EFBE2-A72C-4CA7-862D-1C77CEB17CD6}.Debug|x64.ActiveCfg = Debug|Any CPU
		{866EFBE2-A72C-4CA7-862D-1C77CEB17CD6}.Debug|x64.Build.0 = Debug|Any CPU
		{866EFBE2-A72C-4CA7-862D-1C77CEB17CD6}.Debug|x86.ActiveCfg = Debug|Any CPU
		{866EFBE2-A72C-4CA7-862D-1C77CEB17CD6}.Debug|x86.Build.0 = Debug|Any CPU
		{866EFBE2-A72C-4CA7-862D-1C77CEB17CD6}.Release|Any CPU.ActiveCfg = Release|Any CPU
		{866EFBE2-A72C-4CA7-862D-1C77CEB17CD6}.Release|Any CPU.Build.0 = Release|Any CPU
		{866EFBE2-A72C-4CA7-862D-1C77CEB17CD6}.Release|x64.ActiveCfg = Release|Any CPU
		{866EFBE2-A72C-4CA7-862D-1C77CEB17CD6}.Release|x64.Build.0 = Release|Any CPU
		{866EFBE2-A72C-4CA7-862D-1C77CEB17CD6}.Release|x86.ActiveCfg = Release|Any CPU
		{866EFBE2-A72C-4CA7-862D-1C77CEB17CD6}.Release|x86.Build.0 = Release|Any CPU
		{A4353BD1-44EA-434E-A382-17F92A071B08}.Debug|Any CPU.ActiveCfg = Debug|Any CPU
		{A4353BD1-44EA-434E-A382-17F92A071B08}.Debug|Any CPU.Build.0 = Debug|Any CPU
		{A4353BD1-44EA-434E-A382-17F92A071B08}.Debug|x64.ActiveCfg = Debug|Any CPU
		{A4353BD1-44EA-434E-A382-17F92A071B08}.Debug|x64.Build.0 = Debug|Any CPU
		{A4353BD1-44EA-434E-A382-17F92A071B08}.Debug|x86.ActiveCfg = Debug|Any CPU
		{A4353BD1-44EA-434E-A382-17F92A071B08}.Debug|x86.Build.0 = Debug|Any CPU
		{A4353BD1-44EA-434E-A382-17F92A071B08}.Release|Any CPU.ActiveCfg = Release|Any CPU
		{A4353BD1-44EA-434E-A382-17F92A071B08}.Release|Any CPU.Build.0 = Release|Any CPU
		{A4353BD1-44EA-434E-A382-17F92A071B08}.Release|x64.ActiveCfg = Release|Any CPU
		{A4353BD1-44EA-434E-A382-17F92A071B08}.Release|x64.Build.0 = Release|Any CPU
		{A4353BD1-44EA-434E-A382-17F92A071B08}.Release|x86.ActiveCfg = Release|Any CPU
		{A4353BD1-44EA-434E-A382-17F92A071B08}.Release|x86.Build.0 = Release|Any CPU
		{2A75E767-45BF-47DE-B14F-5F5979B6D531}.Debug|Any CPU.ActiveCfg = Debug|Any CPU
		{2A75E767-45BF-47DE-B14F-5F5979B6D531}.Debug|Any CPU.Build.0 = Debug|Any CPU
		{2A75E767-45BF-47DE-B14F-5F5979B6D531}.Debug|x64.ActiveCfg = Debug|Any CPU
		{2A75E767-45BF-47DE-B14F-5F5979B6D531}.Debug|x64.Build.0 = Debug|Any CPU
		{2A75E767-45BF-47DE-B14F-5F5979B6D531}.Debug|x86.ActiveCfg = Debug|Any CPU
		{2A75E767-45BF-47DE-B14F-5F5979B6D531}.Debug|x86.Build.0 = Debug|Any CPU
		{2A75E767-45BF-47DE-B14F-5F5979B6D531}.Release|Any CPU.ActiveCfg = Release|Any CPU
		{2A75E767-45BF-47DE-B14F-5F5979B6D531}.Release|Any CPU.Build.0 = Release|Any CPU
		{2A75E767-45BF-47DE-B14F-5F5979B6D531}.Release|x64.ActiveCfg = Release|Any CPU
		{2A75E767-45BF-47DE-B14F-5F5979B6D531}.Release|x64.Build.0 = Release|Any CPU
		{2A75E767-45BF-47DE-B14F-5F5979B6D531}.Release|x86.ActiveCfg = Release|Any CPU
		{2A75E767-45BF-47DE-B14F-5F5979B6D531}.Release|x86.Build.0 = Release|Any CPU
		{320A83CE-3EA6-4833-9C15-72FB2C2802DC}.Debug|Any CPU.ActiveCfg = Debug|Any CPU
		{320A83CE-3EA6-4833-9C15-72FB2C2802DC}.Debug|Any CPU.Build.0 = Debug|Any CPU
		{320A83CE-3EA6-4833-9C15-72FB2C2802DC}.Debug|x64.ActiveCfg = Debug|Any CPU
		{320A83CE-3EA6-4833-9C15-72FB2C2802DC}.Debug|x64.Build.0 = Debug|Any CPU
		{320A83CE-3EA6-4833-9C15-72FB2C2802DC}.Debug|x86.ActiveCfg = Debug|Any CPU
		{320A83CE-3EA6-4833-9C15-72FB2C2802DC}.Debug|x86.Build.0 = Debug|Any CPU
		{320A83CE-3EA6-4833-9C15-72FB2C2802DC}.Release|Any CPU.ActiveCfg = Release|Any CPU
		{320A83CE-3EA6-4833-9C15-72FB2C2802DC}.Release|Any CPU.Build.0 = Release|Any CPU
		{320A83CE-3EA6-4833-9C15-72FB2C2802DC}.Release|x64.ActiveCfg = Release|Any CPU
		{320A83CE-3EA6-4833-9C15-72FB2C2802DC}.Release|x64.Build.0 = Release|Any CPU
		{320A83CE-3EA6-4833-9C15-72FB2C2802DC}.Release|x86.ActiveCfg = Release|Any CPU
		{320A83CE-3EA6-4833-9C15-72FB2C2802DC}.Release|x86.Build.0 = Release|Any CPU
		{22AD7509-BB56-4039-B895-9A98AA179D19}.Debug|Any CPU.ActiveCfg = Debug|Any CPU
		{22AD7509-BB56-4039-B895-9A98AA179D19}.Debug|Any CPU.Build.0 = Debug|Any CPU
		{22AD7509-BB56-4039-B895-9A98AA179D19}.Debug|x64.ActiveCfg = Debug|Any CPU
		{22AD7509-BB56-4039-B895-9A98AA179D19}.Debug|x64.Build.0 = Debug|Any CPU
		{22AD7509-BB56-4039-B895-9A98AA179D19}.Debug|x86.ActiveCfg = Debug|Any CPU
		{22AD7509-BB56-4039-B895-9A98AA179D19}.Debug|x86.Build.0 = Debug|Any CPU
		{22AD7509-BB56-4039-B895-9A98AA179D19}.Release|Any CPU.ActiveCfg = Release|Any CPU
		{22AD7509-BB56-4039-B895-9A98AA179D19}.Release|Any CPU.Build.0 = Release|Any CPU
		{22AD7509-BB56-4039-B895-9A98AA179D19}.Release|x64.ActiveCfg = Release|Any CPU
		{22AD7509-BB56-4039-B895-9A98AA179D19}.Release|x64.Build.0 = Release|Any CPU
		{22AD7509-BB56-4039-B895-9A98AA179D19}.Release|x86.ActiveCfg = Release|Any CPU
		{22AD7509-BB56-4039-B895-9A98AA179D19}.Release|x86.Build.0 = Release|Any CPU
		{A0D3F71A-EC1F-4F55-9F2C-867A70113403}.Debug|Any CPU.ActiveCfg = Debug|Any CPU
		{A0D3F71A-EC1F-4F55-9F2C-867A70113403}.Debug|Any CPU.Build.0 = Debug|Any CPU
		{A0D3F71A-EC1F-4F55-9F2C-867A70113403}.Debug|x64.ActiveCfg = Debug|Any CPU
		{A0D3F71A-EC1F-4F55-9F2C-867A70113403}.Debug|x64.Build.0 = Debug|Any CPU
		{A0D3F71A-EC1F-4F55-9F2C-867A70113403}.Debug|x86.ActiveCfg = Debug|Any CPU
		{A0D3F71A-EC1F-4F55-9F2C-867A70113403}.Debug|x86.Build.0 = Debug|Any CPU
		{A0D3F71A-EC1F-4F55-9F2C-867A70113403}.Release|Any CPU.ActiveCfg = Release|Any CPU
		{A0D3F71A-EC1F-4F55-9F2C-867A70113403}.Release|Any CPU.Build.0 = Release|Any CPU
		{A0D3F71A-EC1F-4F55-9F2C-867A70113403}.Release|x64.ActiveCfg = Release|Any CPU
		{A0D3F71A-EC1F-4F55-9F2C-867A70113403}.Release|x64.Build.0 = Release|Any CPU
		{A0D3F71A-EC1F-4F55-9F2C-867A70113403}.Release|x86.ActiveCfg = Release|Any CPU
		{A0D3F71A-EC1F-4F55-9F2C-867A70113403}.Release|x86.Build.0 = Release|Any CPU
		{C3FAF825-F80D-481A-B84F-B57C82058F48}.Debug|Any CPU.ActiveCfg = Debug|Any CPU
		{C3FAF825-F80D-481A-B84F-B57C82058F48}.Debug|Any CPU.Build.0 = Debug|Any CPU
		{C3FAF825-F80D-481A-B84F-B57C82058F48}.Debug|x64.ActiveCfg = Debug|Any CPU
		{C3FAF825-F80D-481A-B84F-B57C82058F48}.Debug|x64.Build.0 = Debug|Any CPU
		{C3FAF825-F80D-481A-B84F-B57C82058F48}.Debug|x86.ActiveCfg = Debug|Any CPU
		{C3FAF825-F80D-481A-B84F-B57C82058F48}.Debug|x86.Build.0 = Debug|Any CPU
		{C3FAF825-F80D-481A-B84F-B57C82058F48}.Release|Any CPU.ActiveCfg = Release|Any CPU
		{C3FAF825-F80D-481A-B84F-B57C82058F48}.Release|Any CPU.Build.0 = Release|Any CPU
		{C3FAF825-F80D-481A-B84F-B57C82058F48}.Release|x64.ActiveCfg = Release|Any CPU
		{C3FAF825-F80D-481A-B84F-B57C82058F48}.Release|x64.Build.0 = Release|Any CPU
		{C3FAF825-F80D-481A-B84F-B57C82058F48}.Release|x86.ActiveCfg = Release|Any CPU
		{C3FAF825-F80D-481A-B84F-B57C82058F48}.Release|x86.Build.0 = Release|Any CPU
		{1CB05DD2-9736-4AE7-B75C-58246AD8AD34}.Debug|Any CPU.ActiveCfg = Debug|Any CPU
		{1CB05DD2-9736-4AE7-B75C-58246AD8AD34}.Debug|Any CPU.Build.0 = Debug|Any CPU
		{1CB05DD2-9736-4AE7-B75C-58246AD8AD34}.Debug|x64.ActiveCfg = Debug|Any CPU
		{1CB05DD2-9736-4AE7-B75C-58246AD8AD34}.Debug|x64.Build.0 = Debug|Any CPU
		{1CB05DD2-9736-4AE7-B75C-58246AD8AD34}.Debug|x86.ActiveCfg = Debug|Any CPU
		{1CB05DD2-9736-4AE7-B75C-58246AD8AD34}.Debug|x86.Build.0 = Debug|Any CPU
		{1CB05DD2-9736-4AE7-B75C-58246AD8AD34}.Release|Any CPU.ActiveCfg = Release|Any CPU
		{1CB05DD2-9736-4AE7-B75C-58246AD8AD34}.Release|Any CPU.Build.0 = Release|Any CPU
		{1CB05DD2-9736-4AE7-B75C-58246AD8AD34}.Release|x64.ActiveCfg = Release|Any CPU
		{1CB05DD2-9736-4AE7-B75C-58246AD8AD34}.Release|x64.Build.0 = Release|Any CPU
		{1CB05DD2-9736-4AE7-B75C-58246AD8AD34}.Release|x86.ActiveCfg = Release|Any CPU
		{1CB05DD2-9736-4AE7-B75C-58246AD8AD34}.Release|x86.Build.0 = Release|Any CPU
		{627A68AC-196E-40BC-9BD2-2AED337205A6}.Debug|Any CPU.ActiveCfg = Debug|Any CPU
		{627A68AC-196E-40BC-9BD2-2AED337205A6}.Debug|Any CPU.Build.0 = Debug|Any CPU
		{627A68AC-196E-40BC-9BD2-2AED337205A6}.Debug|x64.ActiveCfg = Debug|Any CPU
		{627A68AC-196E-40BC-9BD2-2AED337205A6}.Debug|x64.Build.0 = Debug|Any CPU
		{627A68AC-196E-40BC-9BD2-2AED337205A6}.Debug|x86.ActiveCfg = Debug|Any CPU
		{627A68AC-196E-40BC-9BD2-2AED337205A6}.Debug|x86.Build.0 = Debug|Any CPU
		{627A68AC-196E-40BC-9BD2-2AED337205A6}.Release|Any CPU.ActiveCfg = Release|Any CPU
		{627A68AC-196E-40BC-9BD2-2AED337205A6}.Release|Any CPU.Build.0 = Release|Any CPU
		{627A68AC-196E-40BC-9BD2-2AED337205A6}.Release|x64.ActiveCfg = Release|Any CPU
		{627A68AC-196E-40BC-9BD2-2AED337205A6}.Release|x64.Build.0 = Release|Any CPU
		{627A68AC-196E-40BC-9BD2-2AED337205A6}.Release|x86.ActiveCfg = Release|Any CPU
		{627A68AC-196E-40BC-9BD2-2AED337205A6}.Release|x86.Build.0 = Release|Any CPU
		{DF8B41BF-CCC7-4618-8CF3-A7A3A99156D8}.Debug|Any CPU.ActiveCfg = Debug|Any CPU
		{DF8B41BF-CCC7-4618-8CF3-A7A3A99156D8}.Debug|Any CPU.Build.0 = Debug|Any CPU
		{DF8B41BF-CCC7-4618-8CF3-A7A3A99156D8}.Debug|x64.ActiveCfg = Debug|Any CPU
		{DF8B41BF-CCC7-4618-8CF3-A7A3A99156D8}.Debug|x64.Build.0 = Debug|Any CPU
		{DF8B41BF-CCC7-4618-8CF3-A7A3A99156D8}.Debug|x86.ActiveCfg = Debug|Any CPU
		{DF8B41BF-CCC7-4618-8CF3-A7A3A99156D8}.Debug|x86.Build.0 = Debug|Any CPU
		{DF8B41BF-CCC7-4618-8CF3-A7A3A99156D8}.Release|Any CPU.ActiveCfg = Release|Any CPU
		{DF8B41BF-CCC7-4618-8CF3-A7A3A99156D8}.Release|Any CPU.Build.0 = Release|Any CPU
		{DF8B41BF-CCC7-4618-8CF3-A7A3A99156D8}.Release|x64.ActiveCfg = Release|Any CPU
		{DF8B41BF-CCC7-4618-8CF3-A7A3A99156D8}.Release|x64.Build.0 = Release|Any CPU
		{DF8B41BF-CCC7-4618-8CF3-A7A3A99156D8}.Release|x86.ActiveCfg = Release|Any CPU
		{DF8B41BF-CCC7-4618-8CF3-A7A3A99156D8}.Release|x86.Build.0 = Release|Any CPU
		{3E66CD79-EC90-45BF-B819-3AF3D6D8DE17}.Debug|Any CPU.ActiveCfg = Debug|Any CPU
		{3E66CD79-EC90-45BF-B819-3AF3D6D8DE17}.Debug|Any CPU.Build.0 = Debug|Any CPU
		{3E66CD79-EC90-45BF-B819-3AF3D6D8DE17}.Debug|x64.ActiveCfg = Debug|Any CPU
		{3E66CD79-EC90-45BF-B819-3AF3D6D8DE17}.Debug|x64.Build.0 = Debug|Any CPU
		{3E66CD79-EC90-45BF-B819-3AF3D6D8DE17}.Debug|x86.ActiveCfg = Debug|Any CPU
		{3E66CD79-EC90-45BF-B819-3AF3D6D8DE17}.Debug|x86.Build.0 = Debug|Any CPU
		{3E66CD79-EC90-45BF-B819-3AF3D6D8DE17}.Release|Any CPU.ActiveCfg = Release|Any CPU
		{3E66CD79-EC90-45BF-B819-3AF3D6D8DE17}.Release|Any CPU.Build.0 = Release|Any CPU
		{3E66CD79-EC90-45BF-B819-3AF3D6D8DE17}.Release|x64.ActiveCfg = Release|Any CPU
		{3E66CD79-EC90-45BF-B819-3AF3D6D8DE17}.Release|x64.Build.0 = Release|Any CPU
		{3E66CD79-EC90-45BF-B819-3AF3D6D8DE17}.Release|x86.ActiveCfg = Release|Any CPU
		{3E66CD79-EC90-45BF-B819-3AF3D6D8DE17}.Release|x86.Build.0 = Release|Any CPU
		{64269AD1-3449-44B9-A707-46AF82088713}.Debug|Any CPU.ActiveCfg = Debug|Any CPU
		{64269AD1-3449-44B9-A707-46AF82088713}.Debug|Any CPU.Build.0 = Debug|Any CPU
		{64269AD1-3449-44B9-A707-46AF82088713}.Debug|x64.ActiveCfg = Debug|Any CPU
		{64269AD1-3449-44B9-A707-46AF82088713}.Debug|x64.Build.0 = Debug|Any CPU
		{64269AD1-3449-44B9-A707-46AF82088713}.Debug|x86.ActiveCfg = Debug|Any CPU
		{64269AD1-3449-44B9-A707-46AF82088713}.Debug|x86.Build.0 = Debug|Any CPU
		{64269AD1-3449-44B9-A707-46AF82088713}.Release|Any CPU.ActiveCfg = Release|Any CPU
		{64269AD1-3449-44B9-A707-46AF82088713}.Release|Any CPU.Build.0 = Release|Any CPU
		{64269AD1-3449-44B9-A707-46AF82088713}.Release|x64.ActiveCfg = Release|Any CPU
		{64269AD1-3449-44B9-A707-46AF82088713}.Release|x64.Build.0 = Release|Any CPU
		{64269AD1-3449-44B9-A707-46AF82088713}.Release|x86.ActiveCfg = Release|Any CPU
		{64269AD1-3449-44B9-A707-46AF82088713}.Release|x86.Build.0 = Release|Any CPU
	EndGlobalSection
	GlobalSection(SolutionProperties) = preSolution
		HideSolutionNode = FALSE
	EndGlobalSection
	GlobalSection(NestedProjects) = preSolution
		{26437ECE-AF8E-479F-266C-B3CF33AD1B35} = {5854FF58-B8C5-05C6-5BF2-ACE42193F22B}
		{FD03C3FB-EAA6-4294-9C7C-53F6A5C9FA14} = {26437ECE-AF8E-479F-266C-B3CF33AD1B35}
		{D121718D-6D70-4A7E-ADDF-24811FBCC89A} = {26437ECE-AF8E-479F-266C-B3CF33AD1B35}
		{D7A9B553-592C-49C8-AAE9-84255204D9A4} = {26437ECE-AF8E-479F-266C-B3CF33AD1B35}
		{11EFC1A6-8ADD-4AD0-9DB8-FCF15E5FF96A} = {26437ECE-AF8E-479F-266C-B3CF33AD1B35}
		{69239DB7-CBC9-80AD-1F14-F2EA5E4ED9E6} = {5854FF58-B8C5-05C6-5BF2-ACE42193F22B}
		{6BDAF0AB-4E0A-4540-81CC-8C08CFD7FFC3} = {69239DB7-CBC9-80AD-1F14-F2EA5E4ED9E6}
		{357A7C97-5AE1-023F-1442-0D9F9AF22A31} = {5854FF58-B8C5-05C6-5BF2-ACE42193F22B}
		{95C37DEC-0035-4920-9988-2BAA125C5062} = {357A7C97-5AE1-023F-1442-0D9F9AF22A31}
		{866EFBE2-A72C-4CA7-862D-1C77CEB17CD6} = {357A7C97-5AE1-023F-1442-0D9F9AF22A31}
		{A4353BD1-44EA-434E-A382-17F92A071B08} = {357A7C97-5AE1-023F-1442-0D9F9AF22A31}
		{2A75E767-45BF-47DE-B14F-5F5979B6D531} = {357A7C97-5AE1-023F-1442-0D9F9AF22A31}
		{EDF976B3-B1D5-9C5C-314D-F965FB2448D0} = {5854FF58-B8C5-05C6-5BF2-ACE42193F22B}
		{320A83CE-3EA6-4833-9C15-72FB2C2802DC} = {EDF976B3-B1D5-9C5C-314D-F965FB2448D0}
		{D9D96CB5-BE38-2BDA-906E-347BF8694305} = {5854FF58-B8C5-05C6-5BF2-ACE42193F22B}
		{22AD7509-BB56-4039-B895-9A98AA179D19} = {D9D96CB5-BE38-2BDA-906E-347BF8694305}
		{A0D3F71A-EC1F-4F55-9F2C-867A70113403} = {D9D96CB5-BE38-2BDA-906E-347BF8694305}
		{C3FAF825-F80D-481A-B84F-B57C82058F48} = {D9D96CB5-BE38-2BDA-906E-347BF8694305}
		{1CB05DD2-9736-4AE7-B75C-58246AD8AD34} = {D9D96CB5-BE38-2BDA-906E-347BF8694305}
		{627A68AC-196E-40BC-9BD2-2AED337205A6} = {26437ECE-AF8E-479F-266C-B3CF33AD1B35}
		{DF8B41BF-CCC7-4618-8CF3-A7A3A99156D8} = {357A7C97-5AE1-023F-1442-0D9F9AF22A31}
		{3E66CD79-EC90-45BF-B819-3AF3D6D8DE17} = {7266C4A9-E384-DC00-0EB6-47F6002CFBA7}
		{05BA28BA-117B-4570-A966-1123EA20A26F} = {7266C4A9-E384-DC00-0EB6-47F6002CFBA7}
		{64269AD1-3449-44B9-A707-46AF82088713} = {05BA28BA-117B-4570-A966-1123EA20A26F}
	EndGlobalSection
EndGlobal
